
Microsoft Visual Studio Solution File, Format Version 12.00
# Visual Studio 14
VisualStudioVersion = 14.0.23107.0
MinimumVisualStudioVersion = 10.0.40219.1
Project("{2150E333-8FDC-42A3-9474-1A3956D46DE8}") = "Solution Items", "Solution Items", "{D037683E-FDD2-4EA0-879A-2B6401CA8917}"
	ProjectSection(SolutionItems) = preProject
		..\C# Notes.txt = ..\C# Notes.txt
	EndProjectSection
EndProject
Project("{FAE04EC0-301F-11D3-BF4B-00C04F79EFBC}") = "LinqProgramming", "LinqProgramming\LinqProgramming.csproj", "{4A860837-B10E-4F8A-84BF-2C80CA758ACA}"
EndProject
Global
	GlobalSection(SolutionConfigurationPlatforms) = preSolution
		Debug|Any CPU = Debug|Any CPU
		Release|Any CPU = Release|Any CPU
	EndGlobalSection
	GlobalSection(ProjectConfigurationPlatforms) = postSolution
		{4A860837-B10E-4F8A-84BF-2C80CA758ACA}.Debug|Any CPU.ActiveCfg = Debug|Any CPU
		{4A860837-B10E-4F8A-84BF-2C80CA758ACA}.Debug|Any CPU.Build.0 = Debug|Any CPU
		{4A860837-B10E-4F8A-84BF-2C80CA758ACA}.Release|Any CPU.ActiveCfg = Release|Any CPU
		{4A860837-B10E-4F8A-84BF-2C80CA758ACA}.Release|Any CPU.Build.0 = Release|Any CPU
	EndGlobalSection
	GlobalSection(SolutionProperties) = preSolution
		HideSolutionNode = FALSE
	EndGlobalSection
EndGlobal
